// !$*UTF8*$!
{
	archiveVersion = 1;
	classes = {
	};
	objectVersion = 46;
	objects = {

/* Begin PBXBuildFile section */
		27EFE8321E68303000F4B807 /* AppDelegate.swift in Sources */ = {isa = PBXBuildFile; fileRef = 27EFE8311E68303000F4B807 /* AppDelegate.swift */; };
		27EFE83C1E68303000F4B807 /* Assets.xcassets in Resources */ = {isa = PBXBuildFile; fileRef = 27EFE83B1E68303000F4B807 /* Assets.xcassets */; };
		27EFE84A1E68303000F4B807 /* BLProjectTests.swift in Sources */ = {isa = PBXBuildFile; fileRef = 27EFE8491E68303000F4B807 /* BLProjectTests.swift */; };
		27EFE8551E68303000F4B807 /* BLProjectUITests.swift in Sources */ = {isa = PBXBuildFile; fileRef = 27EFE8541E68303000F4B807 /* BLProjectUITests.swift */; };
		27EFE8731E6830EE00F4B807 /* ViewController.swift in Sources */ = {isa = PBXBuildFile; fileRef = 27EFE8701E6830EE00F4B807 /* ViewController.swift */; };
		27EFE87B1E68315400F4B807 /* LaunchScreen.storyboard in Resources */ = {isa = PBXBuildFile; fileRef = 27EFE8771E68315400F4B807 /* LaunchScreen.storyboard */; };
		27EFE87C1E68315400F4B807 /* Main.storyboard in Resources */ = {isa = PBXBuildFile; fileRef = 27EFE8791E68315400F4B807 /* Main.storyboard */; };
		27EFE8861E68365700F4B807 /* BaseObject.swift in Sources */ = {isa = PBXBuildFile; fileRef = 27EFE8851E68365700F4B807 /* BaseObject.swift */; };
		27EFE8881E68367800F4B807 /* BaseDatasource.swift in Sources */ = {isa = PBXBuildFile; fileRef = 27EFE8871E68367800F4B807 /* BaseDatasource.swift */; };
		27EFE88A1E68369200F4B807 /* BaseDelegate.swift in Sources */ = {isa = PBXBuildFile; fileRef = 27EFE8891E68369200F4B807 /* BaseDelegate.swift */; };
		27EFE88C1E6836AE00F4B807 /* String+Extension.swift in Sources */ = {isa = PBXBuildFile; fileRef = 27EFE88B1E6836AE00F4B807 /* String+Extension.swift */; };
		27EFE88E1E6836E600F4B807 /* APIManager.swift in Sources */ = {isa = PBXBuildFile; fileRef = 27EFE88D1E6836E600F4B807 /* APIManager.swift */; };
		27EFE8921E68376900F4B807 /* Constants.swift in Sources */ = {isa = PBXBuildFile; fileRef = 27EFE8911E68376900F4B807 /* Constants.swift */; };
		27EFE8991E69180700F4B807 /* ios7.ttf in Resources */ = {isa = PBXBuildFile; fileRef = 27EFE8981E69180700F4B807 /* ios7.ttf */; };
		27EFE89E1E69185C00F4B807 /* Toast.swift in Sources */ = {isa = PBXBuildFile; fileRef = 27EFE89D1E69185C00F4B807 /* Toast.swift */; };
		27EFE8A01E691D4F00F4B807 /* image.png in Resources */ = {isa = PBXBuildFile; fileRef = 27EFE89F1E691D4F00F4B807 /* image.png */; };
		306BD14DFBC9B1D351B9F195 /* Pods_BLProject.framework in Frameworks */ = {isa = PBXBuildFile; fileRef = 21050D23BB967BBE31313359 /* Pods_BLProject.framework */; };
		37F445D6D83D20C1A54F0ED7 /* Pods_BLProjectTests.framework in Frameworks */ = {isa = PBXBuildFile; fileRef = 6ED4F3861A1F9BC28952DCBB /* Pods_BLProjectTests.framework */; };
		715B251EC2A3A387EDF7DEF5 /* Pods_BLProjectUITests.framework in Frameworks */ = {isa = PBXBuildFile; fileRef = 80CFFC7D7F9365A766A8D3FB /* Pods_BLProjectUITests.framework */; };
/* End PBXBuildFile section */

/* Begin PBXContainerItemProxy section */
		27EFE8461E68303000F4B807 /* PBXContainerItemProxy */ = {
			isa = PBXContainerItemProxy;
			containerPortal = 27EFE8261E68303000F4B807 /* Project object */;
			proxyType = 1;
			remoteGlobalIDString = 27EFE82D1E68303000F4B807;
			remoteInfo = BLProject;
		};
		27EFE8511E68303000F4B807 /* PBXContainerItemProxy */ = {
			isa = PBXContainerItemProxy;
			containerPortal = 27EFE8261E68303000F4B807 /* Project object */;
			proxyType = 1;
			remoteGlobalIDString = 27EFE82D1E68303000F4B807;
			remoteInfo = BLProject;
		};
/* End PBXContainerItemProxy section */

/* Begin PBXFileReference section */
		082456EF228C0EAD4EAD80C4 /* Pods-BLProjectTests.debug.xcconfig */ = {isa = PBXFileReference; includeInIndex = 1; lastKnownFileType = text.xcconfig; name = "Pods-BLProjectTests.debug.xcconfig"; path = "Pods/Target Support Files/Pods-BLProjectTests/Pods-BLProjectTests.debug.xcconfig"; sourceTree = "<group>"; };
		0A02C281241EA839A866F49F /* Pods-BLProject.debug.xcconfig */ = {isa = PBXFileReference; includeInIndex = 1; lastKnownFileType = text.xcconfig; name = "Pods-BLProject.debug.xcconfig"; path = "Pods/Target Support Files/Pods-BLProject/Pods-BLProject.debug.xcconfig"; sourceTree = "<group>"; };
		21050D23BB967BBE31313359 /* Pods_BLProject.framework */ = {isa = PBXFileReference; explicitFileType = wrapper.framework; includeInIndex = 0; path = Pods_BLProject.framework; sourceTree = BUILT_PRODUCTS_DIR; };
		27EFE82E1E68303000F4B807 /* BLProject.app */ = {isa = PBXFileReference; explicitFileType = wrapper.application; includeInIndex = 0; path = BLProject.app; sourceTree = BUILT_PRODUCTS_DIR; };
		27EFE8311E68303000F4B807 /* AppDelegate.swift */ = {isa = PBXFileReference; lastKnownFileType = sourcecode.swift; path = AppDelegate.swift; sourceTree = "<group>"; };
		27EFE83B1E68303000F4B807 /* Assets.xcassets */ = {isa = PBXFileReference; lastKnownFileType = folder.assetcatalog; path = Assets.xcassets; sourceTree = "<group>"; };
		27EFE8401E68303000F4B807 /* Info.plist */ = {isa = PBXFileReference; lastKnownFileType = text.plist.xml; path = Info.plist; sourceTree = "<group>"; };
		27EFE8451E68303000F4B807 /* BLProjectTests.xctest */ = {isa = PBXFileReference; explicitFileType = wrapper.cfbundle; includeInIndex = 0; path = BLProjectTests.xctest; sourceTree = BUILT_PRODUCTS_DIR; };
		27EFE8491E68303000F4B807 /* BLProjectTests.swift */ = {isa = PBXFileReference; lastKnownFileType = sourcecode.swift; path = BLProjectTests.swift; sourceTree = "<group>"; };
		27EFE84B1E68303000F4B807 /* Info.plist */ = {isa = PBXFileReference; lastKnownFileType = text.plist.xml; path = Info.plist; sourceTree = "<group>"; };
		27EFE8501E68303000F4B807 /* BLProjectUITests.xctest */ = {isa = PBXFileReference; explicitFileType = wrapper.cfbundle; includeInIndex = 0; path = BLProjectUITests.xctest; sourceTree = BUILT_PRODUCTS_DIR; };
		27EFE8541E68303000F4B807 /* BLProjectUITests.swift */ = {isa = PBXFileReference; lastKnownFileType = sourcecode.swift; path = BLProjectUITests.swift; sourceTree = "<group>"; };
		27EFE8561E68303000F4B807 /* Info.plist */ = {isa = PBXFileReference; lastKnownFileType = text.plist.xml; path = Info.plist; sourceTree = "<group>"; };
		27EFE8701E6830EE00F4B807 /* ViewController.swift */ = {isa = PBXFileReference; fileEncoding = 4; lastKnownFileType = sourcecode.swift; path = ViewController.swift; sourceTree = "<group>"; };
		27EFE8761E68315400F4B807 /* Base */ = {isa = PBXFileReference; lastKnownFileType = wrapper.xcdatamodeld; name = Base; path = BLProject.xcdatamodeld; sourceTree = "<group>"; };
		27EFE8781E68315400F4B807 /* Base */ = {isa = PBXFileReference; lastKnownFileType = file.storyboard; name = Base; path = LaunchScreen.storyboard; sourceTree = "<group>"; };
		27EFE87A1E68315400F4B807 /* Base */ = {isa = PBXFileReference; lastKnownFileType = file.storyboard; name = Base; path = Main.storyboard; sourceTree = "<group>"; };
		27EFE8851E68365700F4B807 /* BaseObject.swift */ = {isa = PBXFileReference; fileEncoding = 4; lastKnownFileType = sourcecode.swift; path = BaseObject.swift; sourceTree = "<group>"; };
		27EFE8871E68367800F4B807 /* BaseDatasource.swift */ = {isa = PBXFileReference; fileEncoding = 4; lastKnownFileType = sourcecode.swift; path = BaseDatasource.swift; sourceTree = "<group>"; };
		27EFE8891E68369200F4B807 /* BaseDelegate.swift */ = {isa = PBXFileReference; fileEncoding = 4; lastKnownFileType = sourcecode.swift; path = BaseDelegate.swift; sourceTree = "<group>"; };
		27EFE88B1E6836AE00F4B807 /* String+Extension.swift */ = {isa = PBXFileReference; fileEncoding = 4; lastKnownFileType = sourcecode.swift; path = "String+Extension.swift"; sourceTree = "<group>"; };
		27EFE88D1E6836E600F4B807 /* APIManager.swift */ = {isa = PBXFileReference; fileEncoding = 4; lastKnownFileType = sourcecode.swift; path = APIManager.swift; sourceTree = "<group>"; };
		27EFE8911E68376900F4B807 /* Constants.swift */ = {isa = PBXFileReference; fileEncoding = 4; lastKnownFileType = sourcecode.swift; path = Constants.swift; sourceTree = "<group>"; };
		27EFE8971E68384000F4B807 /* BLProject-Bridging-Header.h */ = {isa = PBXFileReference; lastKnownFileType = sourcecode.c.h; path = "BLProject-Bridging-Header.h"; sourceTree = "<group>"; };
		27EFE8981E69180700F4B807 /* ios7.ttf */ = {isa = PBXFileReference; lastKnownFileType = file; path = ios7.ttf; sourceTree = "<group>"; };
		27EFE89D1E69185C00F4B807 /* Toast.swift */ = {isa = PBXFileReference; fileEncoding = 4; lastKnownFileType = sourcecode.swift; path = Toast.swift; sourceTree = "<group>"; };
		27EFE89F1E691D4F00F4B807 /* image.png */ = {isa = PBXFileReference; lastKnownFileType = image.png; path = image.png; sourceTree = "<group>"; };
		6ED4F3861A1F9BC28952DCBB /* Pods_BLProjectTests.framework */ = {isa = PBXFileReference; explicitFileType = wrapper.framework; includeInIndex = 0; path = Pods_BLProjectTests.framework; sourceTree = BUILT_PRODUCTS_DIR; };
		78DCA3B0E0C8D065D1821A97 /* Pods-BLProject.release.xcconfig */ = {isa = PBXFileReference; includeInIndex = 1; lastKnownFileType = text.xcconfig; name = "Pods-BLProject.release.xcconfig"; path = "Pods/Target Support Files/Pods-BLProject/Pods-BLProject.release.xcconfig"; sourceTree = "<group>"; };
		80CFFC7D7F9365A766A8D3FB /* Pods_BLProjectUITests.framework */ = {isa = PBXFileReference; explicitFileType = wrapper.framework; includeInIndex = 0; path = Pods_BLProjectUITests.framework; sourceTree = BUILT_PRODUCTS_DIR; };
		DCDA100715DDA94681B9AA5C /* Pods-BLProjectTests.release.xcconfig */ = {isa = PBXFileReference; includeInIndex = 1; lastKnownFileType = text.xcconfig; name = "Pods-BLProjectTests.release.xcconfig"; path = "Pods/Target Support Files/Pods-BLProjectTests/Pods-BLProjectTests.release.xcconfig"; sourceTree = "<group>"; };
		E6627D6235910AD2FB7A7395 /* Pods-BLProjectUITests.release.xcconfig */ = {isa = PBXFileReference; includeInIndex = 1; lastKnownFileType = text.xcconfig; name = "Pods-BLProjectUITests.release.xcconfig"; path = "Pods/Target Support Files/Pods-BLProjectUITests/Pods-BLProjectUITests.release.xcconfig"; sourceTree = "<group>"; };
		E7C090741B8A1640C60972DD /* Pods-BLProjectUITests.debug.xcconfig */ = {isa = PBXFileReference; includeInIndex = 1; lastKnownFileType = text.xcconfig; name = "Pods-BLProjectUITests.debug.xcconfig"; path = "Pods/Target Support Files/Pods-BLProjectUITests/Pods-BLProjectUITests.debug.xcconfig"; sourceTree = "<group>"; };
/* End PBXFileReference section */

/* Begin PBXFrameworksBuildPhase section */
		27EFE82B1E68303000F4B807 /* Frameworks */ = {
			isa = PBXFrameworksBuildPhase;
			buildActionMask = 2147483647;
			files = (
				306BD14DFBC9B1D351B9F195 /* Pods_BLProject.framework in Frameworks */,
			);
			runOnlyForDeploymentPostprocessing = 0;
		};
		27EFE8421E68303000F4B807 /* Frameworks */ = {
			isa = PBXFrameworksBuildPhase;
			buildActionMask = 2147483647;
			files = (
				37F445D6D83D20C1A54F0ED7 /* Pods_BLProjectTests.framework in Frameworks */,
			);
			runOnlyForDeploymentPostprocessing = 0;
		};
		27EFE84D1E68303000F4B807 /* Frameworks */ = {
			isa = PBXFrameworksBuildPhase;
			buildActionMask = 2147483647;
			files = (
				715B251EC2A3A387EDF7DEF5 /* Pods_BLProjectUITests.framework in Frameworks */,
			);
			runOnlyForDeploymentPostprocessing = 0;
		};
/* End PBXFrameworksBuildPhase section */

/* Begin PBXGroup section */
		27EFE8251E68303000F4B807 = {
			isa = PBXGroup;
			children = (
				27EFE8301E68303000F4B807 /* BLProject */,
				27EFE8481E68303000F4B807 /* BLProjectTests */,
				27EFE8531E68303000F4B807 /* BLProjectUITests */,
				27EFE82F1E68303000F4B807 /* Products */,
				E25B36614030FC32A764839E /* Pods */,
				F67F13384BE02213E8246D9D /* Frameworks */,
			);
			sourceTree = "<group>";
		};
		27EFE82F1E68303000F4B807 /* Products */ = {
			isa = PBXGroup;
			children = (
				27EFE82E1E68303000F4B807 /* BLProject.app */,
				27EFE8451E68303000F4B807 /* BLProjectTests.xctest */,
				27EFE8501E68303000F4B807 /* BLProjectUITests.xctest */,
			);
			name = Products;
			sourceTree = "<group>";
		};
		27EFE8301E68303000F4B807 /* BLProject */ = {
			isa = PBXGroup;
			children = (
				27EFE8681E6830EE00F4B807 /* Models */,
				27EFE8621E6830EE00F4B807 /* Datasources */,
				27EFE86F1E6830EE00F4B807 /* ViewControllers */,
				27EFE8641E6830EE00F4B807 /* Delegates */,
				27EFE8661E6830EE00F4B807 /* Extensions */,
				27EFE8671E6830EE00F4B807 /* Managers */,
				27EFE8691E6830EE00F4B807 /* Resources */,
				27EFE86C1E6830EE00F4B807 /* Utils */,
				27EFE8741E68315400F4B807 /* Base.lproj */,
				27EFE8311E68303000F4B807 /* AppDelegate.swift */,
				27EFE8971E68384000F4B807 /* BLProject-Bridging-Header.h */,
				27EFE83B1E68303000F4B807 /* Assets.xcassets */,
				27EFE8401E68303000F4B807 /* Info.plist */,
			);
			path = BLProject;
			sourceTree = "<group>";
		};
		27EFE8481E68303000F4B807 /* BLProjectTests */ = {
			isa = PBXGroup;
			children = (
				27EFE8491E68303000F4B807 /* BLProjectTests.swift */,
				27EFE84B1E68303000F4B807 /* Info.plist */,
			);
			path = BLProjectTests;
			sourceTree = "<group>";
		};
		27EFE8531E68303000F4B807 /* BLProjectUITests */ = {
			isa = PBXGroup;
			children = (
				27EFE8541E68303000F4B807 /* BLProjectUITests.swift */,
				27EFE8561E68303000F4B807 /* Info.plist */,
			);
			path = BLProjectUITests;
			sourceTree = "<group>";
		};
		27EFE8621E6830EE00F4B807 /* Datasources */ = {
			isa = PBXGroup;
			children = (
				27EFE8871E68367800F4B807 /* BaseDatasource.swift */,
			);
			path = Datasources;
			sourceTree = "<group>";
		};
		27EFE8641E6830EE00F4B807 /* Delegates */ = {
			isa = PBXGroup;
			children = (
				27EFE8891E68369200F4B807 /* BaseDelegate.swift */,
			);
			path = Delegates;
			sourceTree = "<group>";
		};
		27EFE8661E6830EE00F4B807 /* Extensions */ = {
			isa = PBXGroup;
			children = (
				27EFE88B1E6836AE00F4B807 /* String+Extension.swift */,
			);
			path = Extensions;
			sourceTree = "<group>";
		};
		27EFE8671E6830EE00F4B807 /* Managers */ = {
			isa = PBXGroup;
			children = (
				27EFE88D1E6836E600F4B807 /* APIManager.swift */,
			);
			path = Managers;
			sourceTree = "<group>";
		};
		27EFE8681E6830EE00F4B807 /* Models */ = {
			isa = PBXGroup;
			children = (
				27EFE8851E68365700F4B807 /* BaseObject.swift */,
			);
			path = Models;
			sourceTree = "<group>";
		};
		27EFE8691E6830EE00F4B807 /* Resources */ = {
			isa = PBXGroup;
			children = (
				27EFE86A1E6830EE00F4B807 /* Fonts */,
				27EFE86B1E6830EE00F4B807 /* Images */,
			);
			path = Resources;
			sourceTree = "<group>";
		};
		27EFE86A1E6830EE00F4B807 /* Fonts */ = {
			isa = PBXGroup;
			children = (
				27EFE8981E69180700F4B807 /* ios7.ttf */,
			);
			path = Fonts;
			sourceTree = "<group>";
		};
		27EFE86B1E6830EE00F4B807 /* Images */ = {
			isa = PBXGroup;
			children = (
				27EFE89F1E691D4F00F4B807 /* image.png */,
			);
			path = Images;
			sourceTree = "<group>";
		};
		27EFE86C1E6830EE00F4B807 /* Utils */ = {
			isa = PBXGroup;
			children = (
				27EFE86D1E6830EE00F4B807 /* 3rds */,
				27EFE86E1E6830EE00F4B807 /* Constants */,
			);
			path = Utils;
			sourceTree = "<group>";
		};
		27EFE86D1E6830EE00F4B807 /* 3rds */ = {
			isa = PBXGroup;
			children = (
				27EFE89C1E69185C00F4B807 /* Toast-Swift */,
			);
			path = 3rds;
			sourceTree = "<group>";
		};
		27EFE86E1E6830EE00F4B807 /* Constants */ = {
			isa = PBXGroup;
			children = (
				27EFE8911E68376900F4B807 /* Constants.swift */,
			);
			path = Constants;
			sourceTree = "<group>";
		};
		27EFE86F1E6830EE00F4B807 /* ViewControllers */ = {
			isa = PBXGroup;
			children = (
				27EFE8701E6830EE00F4B807 /* ViewController.swift */,
			);
			path = ViewControllers;
			sourceTree = "<group>";
		};
		27EFE8741E68315400F4B807 /* Base.lproj */ = {
			isa = PBXGroup;
			children = (
				27EFE8751E68315400F4B807 /* BLProject.xcdatamodeld */,
				27EFE8771E68315400F4B807 /* LaunchScreen.storyboard */,
				27EFE8791E68315400F4B807 /* Main.storyboard */,
			);
			path = Base.lproj;
			sourceTree = "<group>";
		};
		27EFE89C1E69185C00F4B807 /* Toast-Swift */ = {
			isa = PBXGroup;
			children = (
				27EFE89D1E69185C00F4B807 /* Toast.swift */,
			);
			path = "Toast-Swift";
			sourceTree = "<group>";
		};
		E25B36614030FC32A764839E /* Pods */ = {
			isa = PBXGroup;
			children = (
				0A02C281241EA839A866F49F /* Pods-BLProject.debug.xcconfig */,
				78DCA3B0E0C8D065D1821A97 /* Pods-BLProject.release.xcconfig */,
				082456EF228C0EAD4EAD80C4 /* Pods-BLProjectTests.debug.xcconfig */,
				DCDA100715DDA94681B9AA5C /* Pods-BLProjectTests.release.xcconfig */,
				E7C090741B8A1640C60972DD /* Pods-BLProjectUITests.debug.xcconfig */,
				E6627D6235910AD2FB7A7395 /* Pods-BLProjectUITests.release.xcconfig */,
			);
			name = Pods;
			sourceTree = "<group>";
		};
		F67F13384BE02213E8246D9D /* Frameworks */ = {
			isa = PBXGroup;
			children = (
				21050D23BB967BBE31313359 /* Pods_BLProject.framework */,
				6ED4F3861A1F9BC28952DCBB /* Pods_BLProjectTests.framework */,
				80CFFC7D7F9365A766A8D3FB /* Pods_BLProjectUITests.framework */,
			);
			name = Frameworks;
			sourceTree = "<group>";
		};
/* End PBXGroup section */

/* Begin PBXNativeTarget section */
		27EFE82D1E68303000F4B807 /* BLProject */ = {
			isa = PBXNativeTarget;
			buildConfigurationList = 27EFE8591E68303000F4B807 /* Build configuration list for PBXNativeTarget "BLProject" */;
			buildPhases = (
				8A411B0023C9991A4C31E96A /* [CP] Check Pods Manifest.lock */,
				27EFE82A1E68303000F4B807 /* Sources */,
				27EFE82B1E68303000F4B807 /* Frameworks */,
				27EFE82C1E68303000F4B807 /* Resources */,
				BE6529B1F50706315A1DCB2D /* [CP] Embed Pods Frameworks */,
				8B008379719E6F33E629C7D2 /* [CP] Copy Pods Resources */,
			);
			buildRules = (
			);
			dependencies = (
			);
			name = BLProject;
			productName = BLProject;
			productReference = 27EFE82E1E68303000F4B807 /* BLProject.app */;
			productType = "com.apple.product-type.application";
		};
		27EFE8441E68303000F4B807 /* BLProjectTests */ = {
			isa = PBXNativeTarget;
			buildConfigurationList = 27EFE85C1E68303000F4B807 /* Build configuration list for PBXNativeTarget "BLProjectTests" */;
			buildPhases = (
				BB1A3B02EFFB5A3D07A9ABA0 /* [CP] Check Pods Manifest.lock */,
				27EFE8411E68303000F4B807 /* Sources */,
				27EFE8421E68303000F4B807 /* Frameworks */,
				27EFE8431E68303000F4B807 /* Resources */,
				83BAC70755BDBAD30C828859 /* [CP] Embed Pods Frameworks */,
				AA25DE98D63B2BD6488271FE /* [CP] Copy Pods Resources */,
			);
			buildRules = (
			);
			dependencies = (
				27EFE8471E68303000F4B807 /* PBXTargetDependency */,
			);
			name = BLProjectTests;
			productName = BLProjectTests;
			productReference = 27EFE8451E68303000F4B807 /* BLProjectTests.xctest */;
			productType = "com.apple.product-type.bundle.unit-test";
		};
		27EFE84F1E68303000F4B807 /* BLProjectUITests */ = {
			isa = PBXNativeTarget;
			buildConfigurationList = 27EFE85F1E68303000F4B807 /* Build configuration list for PBXNativeTarget "BLProjectUITests" */;
			buildPhases = (
				2D1DFB66C0C2545BC754D5F7 /* [CP] Check Pods Manifest.lock */,
				27EFE84C1E68303000F4B807 /* Sources */,
				27EFE84D1E68303000F4B807 /* Frameworks */,
				27EFE84E1E68303000F4B807 /* Resources */,
				3BCB1E22F2F1D6669536B222 /* [CP] Embed Pods Frameworks */,
				932100CDBD2CC7DEA67B9BF0 /* [CP] Copy Pods Resources */,
			);
			buildRules = (
			);
			dependencies = (
				27EFE8521E68303000F4B807 /* PBXTargetDependency */,
			);
			name = BLProjectUITests;
			productName = BLProjectUITests;
			productReference = 27EFE8501E68303000F4B807 /* BLProjectUITests.xctest */;
			productType = "com.apple.product-type.bundle.ui-testing";
		};
/* End PBXNativeTarget section */

/* Begin PBXProject section */
		27EFE8261E68303000F4B807 /* Project object */ = {
			isa = PBXProject;
			attributes = {
				LastSwiftUpdateCheck = 0820;
				LastUpgradeCheck = 0820;
				ORGANIZATIONNAME = b1nhle;
				TargetAttributes = {
					27EFE82D1E68303000F4B807 = {
						CreatedOnToolsVersion = 8.2.1;
						ProvisioningStyle = Automatic;
					};
					27EFE8441E68303000F4B807 = {
						CreatedOnToolsVersion = 8.2.1;
						ProvisioningStyle = Automatic;
						TestTargetID = 27EFE82D1E68303000F4B807;
					};
					27EFE84F1E68303000F4B807 = {
						CreatedOnToolsVersion = 8.2.1;
						ProvisioningStyle = Automatic;
						TestTargetID = 27EFE82D1E68303000F4B807;
					};
				};
			};
			buildConfigurationList = 27EFE8291E68303000F4B807 /* Build configuration list for PBXProject "BLProject" */;
			compatibilityVersion = "Xcode 3.2";
			developmentRegion = English;
			hasScannedForEncodings = 0;
			knownRegions = (
				en,
				Base,
			);
			mainGroup = 27EFE8251E68303000F4B807;
			productRefGroup = 27EFE82F1E68303000F4B807 /* Products */;
			projectDirPath = "";
			projectRoot = "";
			targets = (
				27EFE82D1E68303000F4B807 /* BLProject */,
				27EFE8441E68303000F4B807 /* BLProjectTests */,
				27EFE84F1E68303000F4B807 /* BLProjectUITests */,
			);
		};
/* End PBXProject section */

/* Begin PBXResourcesBuildPhase section */
		27EFE82C1E68303000F4B807 /* Resources */ = {
			isa = PBXResourcesBuildPhase;
			buildActionMask = 2147483647;
			files = (
				27EFE87C1E68315400F4B807 /* Main.storyboard in Resources */,
				27EFE83C1E68303000F4B807 /* Assets.xcassets in Resources */,
				27EFE8991E69180700F4B807 /* ios7.ttf in Resources */,
				27EFE87B1E68315400F4B807 /* LaunchScreen.storyboard in Resources */,
				27EFE8A01E691D4F00F4B807 /* image.png in Resources */,
			);
			runOnlyForDeploymentPostprocessing = 0;
		};
		27EFE8431E68303000F4B807 /* Resources */ = {
			isa = PBXResourcesBuildPhase;
			buildActionMask = 2147483647;
			files = (
			);
			runOnlyForDeploymentPostprocessing = 0;
		};
		27EFE84E1E68303000F4B807 /* Resources */ = {
			isa = PBXResourcesBuildPhase;
			buildActionMask = 2147483647;
			files = (
			);
			runOnlyForDeploymentPostprocessing = 0;
		};
/* End PBXResourcesBuildPhase section */

/* Begin PBXShellScriptBuildPhase section */
		2D1DFB66C0C2545BC754D5F7 /* [CP] Check Pods Manifest.lock */ = {
			isa = PBXShellScriptBuildPhase;
			buildActionMask = 2147483647;
			files = (
			);
			inputPaths = (
			);
			name = "[CP] Check Pods Manifest.lock";
			outputPaths = (
			);
			runOnlyForDeploymentPostprocessing = 0;
			shellPath = /bin/sh;
			shellScript = "diff \"${PODS_ROOT}/../Podfile.lock\" \"${PODS_ROOT}/Manifest.lock\" > /dev/null\nif [ $? != 0 ] ; then\n    # print error to STDERR\n    echo \"error: The sandbox is not in sync with the Podfile.lock. Run 'pod install' or update your CocoaPods installation.\" >&2\n    exit 1\nfi\n";
			showEnvVarsInLog = 0;
		};
		3BCB1E22F2F1D6669536B222 /* [CP] Embed Pods Frameworks */ = {
			isa = PBXShellScriptBuildPhase;
			buildActionMask = 2147483647;
			files = (
			);
			inputPaths = (
			);
			name = "[CP] Embed Pods Frameworks";
			outputPaths = (
			);
			runOnlyForDeploymentPostprocessing = 0;
			shellPath = /bin/sh;
			shellScript = "\"${SRCROOT}/Pods/Target Support Files/Pods-BLProjectUITests/Pods-BLProjectUITests-frameworks.sh\"\n";
			showEnvVarsInLog = 0;
		};
		83BAC70755BDBAD30C828859 /* [CP] Embed Pods Frameworks */ = {
			isa = PBXShellScriptBuildPhase;
			buildActionMask = 2147483647;
			files = (
			);
			inputPaths = (
			);
			name = "[CP] Embed Pods Frameworks";
			outputPaths = (
			);
			runOnlyForDeploymentPostprocessing = 0;
			shellPath = /bin/sh;
			shellScript = "\"${SRCROOT}/Pods/Target Support Files/Pods-BLProjectTests/Pods-BLProjectTests-frameworks.sh\"\n";
			showEnvVarsInLog = 0;
		};
		8A411B0023C9991A4C31E96A /* [CP] Check Pods Manifest.lock */ = {
			isa = PBXShellScriptBuildPhase;
			buildActionMask = 2147483647;
			files = (
			);
			inputPaths = (
			);
			name = "[CP] Check Pods Manifest.lock";
			outputPaths = (
			);
			runOnlyForDeploymentPostprocessing = 0;
			shellPath = /bin/sh;
			shellScript = "diff \"${PODS_ROOT}/../Podfile.lock\" \"${PODS_ROOT}/Manifest.lock\" > /dev/null\nif [ $? != 0 ] ; then\n    # print error to STDERR\n    echo \"error: The sandbox is not in sync with the Podfile.lock. Run 'pod install' or update your CocoaPods installation.\" >&2\n    exit 1\nfi\n";
			showEnvVarsInLog = 0;
		};
		8B008379719E6F33E629C7D2 /* [CP] Copy Pods Resources */ = {
			isa = PBXShellScriptBuildPhase;
			buildActionMask = 2147483647;
			files = (
			);
			inputPaths = (
			);
			name = "[CP] Copy Pods Resources";
			outputPaths = (
			);
			runOnlyForDeploymentPostprocessing = 0;
			shellPath = /bin/sh;
			shellScript = "\"${SRCROOT}/Pods/Target Support Files/Pods-BLProject/Pods-BLProject-resources.sh\"\n";
			showEnvVarsInLog = 0;
		};
		932100CDBD2CC7DEA67B9BF0 /* [CP] Copy Pods Resources */ = {
			isa = PBXShellScriptBuildPhase;
			buildActionMask = 2147483647;
			files = (
			);
			inputPaths = (
			);
			name = "[CP] Copy Pods Resources";
			outputPaths = (
			);
			runOnlyForDeploymentPostprocessing = 0;
			shellPath = /bin/sh;
			shellScript = "\"${SRCROOT}/Pods/Target Support Files/Pods-BLProjectUITests/Pods-BLProjectUITests-resources.sh\"\n";
			showEnvVarsInLog = 0;
		};
		AA25DE98D63B2BD6488271FE /* [CP] Copy Pods Resources */ = {
			isa = PBXShellScriptBuildPhase;
			buildActionMask = 2147483647;
			files = (
			);
			inputPaths = (
			);
			name = "[CP] Copy Pods Resources";
			outputPaths = (
			);
			runOnlyForDeploymentPostprocessing = 0;
			shellPath = /bin/sh;
			shellScript = "\"${SRCROOT}/Pods/Target Support Files/Pods-BLProjectTests/Pods-BLProjectTests-resources.sh\"\n";
			showEnvVarsInLog = 0;
		};
		BB1A3B02EFFB5A3D07A9ABA0 /* [CP] Check Pods Manifest.lock */ = {
			isa = PBXShellScriptBuildPhase;
			buildActionMask = 2147483647;
			files = (
			);
			inputPaths = (
			);
			name = "[CP] Check Pods Manifest.lock";
			outputPaths = (
			);
			runOnlyForDeploymentPostprocessing = 0;
			shellPath = /bin/sh;
			shellScript = "diff \"${PODS_ROOT}/../Podfile.lock\" \"${PODS_ROOT}/Manifest.lock\" > /dev/null\nif [ $? != 0 ] ; then\n    # print error to STDERR\n    echo \"error: The sandbox is not in sync with the Podfile.lock. Run 'pod install' or update your CocoaPods installation.\" >&2\n    exit 1\nfi\n";
			showEnvVarsInLog = 0;
		};
		BE6529B1F50706315A1DCB2D /* [CP] Embed Pods Frameworks */ = {
			isa = PBXShellScriptBuildPhase;
			buildActionMask = 2147483647;
			files = (
			);
			inputPaths = (
			);
			name = "[CP] Embed Pods Frameworks";
			outputPaths = (
			);
			runOnlyForDeploymentPostprocessing = 0;
			shellPath = /bin/sh;
			shellScript = "\"${SRCROOT}/Pods/Target Support Files/Pods-BLProject/Pods-BLProject-frameworks.sh\"\n";
			showEnvVarsInLog = 0;
		};
/* End PBXShellScriptBuildPhase section */

/* Begin PBXSourcesBuildPhase section */
		27EFE82A1E68303000F4B807 /* Sources */ = {
			isa = PBXSourcesBuildPhase;
			buildActionMask = 2147483647;
			files = (
				27EFE8321E68303000F4B807 /* AppDelegate.swift in Sources */,
				27EFE8881E68367800F4B807 /* BaseDatasource.swift in Sources */,
				27EFE8731E6830EE00F4B807 /* ViewController.swift in Sources */,
				27EFE8861E68365700F4B807 /* BaseObject.swift in Sources */,
				27EFE88C1E6836AE00F4B807 /* String+Extension.swift in Sources */,
				27EFE88A1E68369200F4B807 /* BaseDelegate.swift in Sources */,
				27EFE88E1E6836E600F4B807 /* APIManager.swift in Sources */,
				27EFE89E1E69185C00F4B807 /* Toast.swift in Sources */,
				27EFE8921E68376900F4B807 /* Constants.swift in Sources */,
			);
			runOnlyForDeploymentPostprocessing = 0;
		};
		27EFE8411E68303000F4B807 /* Sources */ = {
			isa = PBXSourcesBuildPhase;
			buildActionMask = 2147483647;
			files = (
				27EFE84A1E68303000F4B807 /* BLProjectTests.swift in Sources */,
			);
			runOnlyForDeploymentPostprocessing = 0;
		};
		27EFE84C1E68303000F4B807 /* Sources */ = {
			isa = PBXSourcesBuildPhase;
			buildActionMask = 2147483647;
			files = (
				27EFE8551E68303000F4B807 /* BLProjectUITests.swift in Sources */,
			);
			runOnlyForDeploymentPostprocessing = 0;
		};
/* End PBXSourcesBuildPhase section */

/* Begin PBXTargetDependency section */
		27EFE8471E68303000F4B807 /* PBXTargetDependency */ = {
			isa = PBXTargetDependency;
			target = 27EFE82D1E68303000F4B807 /* BLProject */;
			targetProxy = 27EFE8461E68303000F4B807 /* PBXContainerItemProxy */;
		};
		27EFE8521E68303000F4B807 /* PBXTargetDependency */ = {
			isa = PBXTargetDependency;
			target = 27EFE82D1E68303000F4B807 /* BLProject */;
			targetProxy = 27EFE8511E68303000F4B807 /* PBXContainerItemProxy */;
		};
/* End PBXTargetDependency section */

/* Begin PBXVariantGroup section */
		27EFE8751E68315400F4B807 /* BLProject.xcdatamodeld */ = {
			isa = PBXVariantGroup;
			children = (
				27EFE8761E68315400F4B807 /* Base */,
			);
			name = BLProject.xcdatamodeld;
			sourceTree = "<group>";
		};
		27EFE8771E68315400F4B807 /* LaunchScreen.storyboard */ = {
			isa = PBXVariantGroup;
			children = (
				27EFE8781E68315400F4B807 /* Base */,
			);
			name = LaunchScreen.storyboard;
			sourceTree = "<group>";
		};
		27EFE8791E68315400F4B807 /* Main.storyboard */ = {
			isa = PBXVariantGroup;
			children = (
				27EFE87A1E68315400F4B807 /* Base */,
			);
			name = Main.storyboard;
			sourceTree = "<group>";
		};
/* End PBXVariantGroup section */

/* Begin XCBuildConfiguration section */
		27EFE8571E68303000F4B807 /* Debug */ = {
			isa = XCBuildConfiguration;
			buildSettings = {
				ALWAYS_SEARCH_USER_PATHS = NO;
				CLANG_ANALYZER_NONNULL = YES;
				CLANG_CXX_LANGUAGE_STANDARD = "gnu++0x";
				CLANG_CXX_LIBRARY = "libc++";
				CLANG_ENABLE_MODULES = YES;
				CLANG_ENABLE_OBJC_ARC = YES;
				CLANG_WARN_BOOL_CONVERSION = YES;
				CLANG_WARN_CONSTANT_CONVERSION = YES;
				CLANG_WARN_DIRECT_OBJC_ISA_USAGE = YES_ERROR;
				CLANG_WARN_DOCUMENTATION_COMMENTS = YES;
				CLANG_WARN_EMPTY_BODY = YES;
				CLANG_WARN_ENUM_CONVERSION = YES;
				CLANG_WARN_INFINITE_RECURSION = YES;
				CLANG_WARN_INT_CONVERSION = YES;
				CLANG_WARN_OBJC_ROOT_CLASS = YES_ERROR;
				CLANG_WARN_SUSPICIOUS_MOVE = YES;
				CLANG_WARN_UNREACHABLE_CODE = YES;
				CLANG_WARN__DUPLICATE_METHOD_MATCH = YES;
				"CODE_SIGN_IDENTITY[sdk=iphoneos*]" = "iPhone Developer";
				COPY_PHASE_STRIP = NO;
				DEBUG_INFORMATION_FORMAT = dwarf;
				ENABLE_STRICT_OBJC_MSGSEND = YES;
				ENABLE_TESTABILITY = YES;
				GCC_C_LANGUAGE_STANDARD = gnu99;
				GCC_DYNAMIC_NO_PIC = NO;
				GCC_NO_COMMON_BLOCKS = YES;
				GCC_OPTIMIZATION_LEVEL = 0;
				GCC_PREPROCESSOR_DEFINITIONS = (
					"DEBUG=1",
					"$(inherited)",
				);
				GCC_WARN_64_TO_32_BIT_CONVERSION = YES;
				GCC_WARN_ABOUT_RETURN_TYPE = YES_ERROR;
				GCC_WARN_UNDECLARED_SELECTOR = YES;
				GCC_WARN_UNINITIALIZED_AUTOS = YES_AGGRESSIVE;
				GCC_WARN_UNUSED_FUNCTION = YES;
				GCC_WARN_UNUSED_VARIABLE = YES;
				IPHONEOS_DEPLOYMENT_TARGET = 10.2;
				MTL_ENABLE_DEBUG_INFO = YES;
				ONLY_ACTIVE_ARCH = YES;
				SDKROOT = iphoneos;
				SWIFT_ACTIVE_COMPILATION_CONDITIONS = DEBUG;
				SWIFT_OPTIMIZATION_LEVEL = "-Onone";
				TARGETED_DEVICE_FAMILY = "1,2";
			};
			name = Debug;
		};
		27EFE8581E68303000F4B807 /* Release */ = {
			isa = XCBuildConfiguration;
			buildSettings = {
				ALWAYS_SEARCH_USER_PATHS = NO;
				CLANG_ANALYZER_NONNULL = YES;
				CLANG_CXX_LANGUAGE_STANDARD = "gnu++0x";
				CLANG_CXX_LIBRARY = "libc++";
				CLANG_ENABLE_MODULES = YES;
				CLANG_ENABLE_OBJC_ARC = YES;
				CLANG_WARN_BOOL_CONVERSION = YES;
				CLANG_WARN_CONSTANT_CONVERSION = YES;
				CLANG_WARN_DIRECT_OBJC_ISA_USAGE = YES_ERROR;
				CLANG_WARN_DOCUMENTATION_COMMENTS = YES;
				CLANG_WARN_EMPTY_BODY = YES;
				CLANG_WARN_ENUM_CONVERSION = YES;
				CLANG_WARN_INFINITE_RECURSION = YES;
				CLANG_WARN_INT_CONVERSION = YES;
				CLANG_WARN_OBJC_ROOT_CLASS = YES_ERROR;
				CLANG_WARN_SUSPICIOUS_MOVE = YES;
				CLANG_WARN_UNREACHABLE_CODE = YES;
				CLANG_WARN__DUPLICATE_METHOD_MATCH = YES;
				"CODE_SIGN_IDENTITY[sdk=iphoneos*]" = "iPhone Developer";
				COPY_PHASE_STRIP = NO;
				DEBUG_INFORMATION_FORMAT = "dwarf-with-dsym";
				ENABLE_NS_ASSERTIONS = NO;
				ENABLE_STRICT_OBJC_MSGSEND = YES;
				GCC_C_LANGUAGE_STANDARD = gnu99;
				GCC_NO_COMMON_BLOCKS = YES;
				GCC_WARN_64_TO_32_BIT_CONVERSION = YES;
				GCC_WARN_ABOUT_RETURN_TYPE = YES_ERROR;
				GCC_WARN_UNDECLARED_SELECTOR = YES;
				GCC_WARN_UNINITIALIZED_AUTOS = YES_AGGRESSIVE;
				GCC_WARN_UNUSED_FUNCTION = YES;
				GCC_WARN_UNUSED_VARIABLE = YES;
				IPHONEOS_DEPLOYMENT_TARGET = 10.2;
				MTL_ENABLE_DEBUG_INFO = NO;
				SDKROOT = iphoneos;
				SWIFT_OPTIMIZATION_LEVEL = "-Owholemodule";
				TARGETED_DEVICE_FAMILY = "1,2";
				VALIDATE_PRODUCT = YES;
			};
			name = Release;
		};
		27EFE85A1E68303000F4B807 /* Debug */ = {
			isa = XCBuildConfiguration;
			baseConfigurationReference = 0A02C281241EA839A866F49F /* Pods-BLProject.debug.xcconfig */;
			buildSettings = {
				ASSETCATALOG_COMPILER_APPICON_NAME = AppIcon;
				ASSETCATALOG_COMPILER_LAUNCHIMAGE_NAME = Splash;
				CODE_SIGN_IDENTITY = "";
				"CODE_SIGN_IDENTITY[sdk=iphoneos*]" = "iPhone Developer";
				DEVELOPMENT_TEAM = "";
				INFOPLIST_FILE = BLProject/Info.plist;
				IPHONEOS_DEPLOYMENT_TARGET = 9.0;
				LD_RUNPATH_SEARCH_PATHS = "$(inherited) @executable_path/Frameworks";
				PRODUCT_BUNDLE_IDENTIFIER = com.b1nhle.BLProject;
				PRODUCT_NAME = "$(TARGET_NAME)";
				SWIFT_OBJC_BRIDGING_HEADER = "BLProject/BLProject-Bridging-Header.h";
				SWIFT_VERSION = 3.0;
			};
			name = Debug;
		};
		27EFE85B1E68303000F4B807 /* Release */ = {
			isa = XCBuildConfiguration;
			baseConfigurationReference = 78DCA3B0E0C8D065D1821A97 /* Pods-BLProject.release.xcconfig */;
			buildSettings = {
				ASSETCATALOG_COMPILER_APPICON_NAME = AppIcon;
				ASSETCATALOG_COMPILER_LAUNCHIMAGE_NAME = Splash;
				CODE_SIGN_IDENTITY = "";
				"CODE_SIGN_IDENTITY[sdk=iphoneos*]" = "iPhone Developer";
				DEVELOPMENT_TEAM = "";
				INFOPLIST_FILE = BLProject/Info.plist;
				IPHONEOS_DEPLOYMENT_TARGET = 9.0;
				LD_RUNPATH_SEARCH_PATHS = "$(inherited) @executable_path/Frameworks";
				PRODUCT_BUNDLE_IDENTIFIER = com.b1nhle.BLProject;
				PRODUCT_NAME = "$(TARGET_NAME)";
				SWIFT_OBJC_BRIDGING_HEADER = "BLProject/BLProject-Bridging-Header.h";
				SWIFT_VERSION = 3.0;
			};
			name = Release;
		};
		27EFE85D1E68303000F4B807 /* Debug */ = {
			isa = XCBuildConfiguration;
			baseConfigurationReference = 082456EF228C0EAD4EAD80C4 /* Pods-BLProjectTests.debug.xcconfig */;
			buildSettings = {
				ALWAYS_EMBED_SWIFT_STANDARD_LIBRARIES = YES;
				BUNDLE_LOADER = "$(TEST_HOST)";
				INFOPLIST_FILE = BLProjectTests/Info.plist;
				LD_RUNPATH_SEARCH_PATHS = "$(inherited) @executable_path/Frameworks @loader_path/Frameworks";
				PRODUCT_BUNDLE_IDENTIFIER = com.b1nhle.BLProjectTests;
				PRODUCT_NAME = "$(TARGET_NAME)";
				SWIFT_VERSION = 3.0;
				TEST_HOST = "$(BUILT_PRODUCTS_DIR)/BLProject.app/BLProject";
			};
			name = Debug;
		};
		27EFE85E1E68303000F4B807 /* Release */ = {
			isa = XCBuildConfiguration;
			baseConfigurationReference = DCDA100715DDA94681B9AA5C /* Pods-BLProjectTests.release.xcconfig */;
			buildSettings = {
				ALWAYS_EMBED_SWIFT_STANDARD_LIBRARIES = YES;
				BUNDLE_LOADER = "$(TEST_HOST)";
				INFOPLIST_FILE = BLProjectTests/Info.plist;
				LD_RUNPATH_SEARCH_PATHS = "$(inherited) @executable_path/Frameworks @loader_path/Frameworks";
				PRODUCT_BUNDLE_IDENTIFIER = com.b1nhle.BLProjectTests;
				PRODUCT_NAME = "$(TARGET_NAME)";
				SWIFT_VERSION = 3.0;
				TEST_HOST = "$(BUILT_PRODUCTS_DIR)/BLProject.app/BLProject";
			};
			name = Release;
		};
		27EFE8601E68303000F4B807 /* Debug */ = {
			isa = XCBuildConfiguration;
			baseConfigurationReference = E7C090741B8A1640C60972DD /* Pods-BLProjectUITests.debug.xcconfig */;
			buildSettings = {
				ALWAYS_EMBED_SWIFT_STANDARD_LIBRARIES = YES;
				INFOPLIST_FILE = BLProjectUITests/Info.plist;
				LD_RUNPATH_SEARCH_PATHS = "$(inherited) @executable_path/Frameworks @loader_path/Frameworks";
				PRODUCT_BUNDLE_IDENTIFIER = com.b1nhle.BLProjectUITests;
				PRODUCT_NAME = "$(TARGET_NAME)";
				SWIFT_VERSION = 3.0;
				TEST_TARGET_NAME = BLProject;
			};
			name = Debug;
		};
		27EFE8611E68303000F4B807 /* Release */ = {
			isa = XCBuildConfiguration;
			baseConfigurationReference = E6627D6235910AD2FB7A7395 /* Pods-BLProjectUITests.release.xcconfig */;
			buildSettings = {
				ALWAYS_EMBED_SWIFT_STANDARD_LIBRARIES = YES;
				INFOPLIST_FILE = BLProjectUITests/Info.plist;
				LD_RUNPATH_SEARCH_PATHS = "$(inherited) @executable_path/Frameworks @loader_path/Frameworks";
				PRODUCT_BUNDLE_IDENTIFIER = com.b1nhle.BLProjectUITests;
				PRODUCT_NAME = "$(TARGET_NAME)";
				SWIFT_VERSION = 3.0;
				TEST_TARGET_NAME = BLProject;
			};
			name = Release;
		};
/* End XCBuildConfiguration section */

/* Begin XCConfigurationList section */
		27EFE8291E68303000F4B807 /* Build configuration list for PBXProject "BLProject" */ = {
			isa = XCConfigurationList;
			buildConfigurations = (
				27EFE8571E68303000F4B807 /* Debug */,
				27EFE8581E68303000F4B807 /* Release */,
			);
			defaultConfigurationIsVisible = 0;
			defaultConfigurationName = Release;
		};
		27EFE8591E68303000F4B807 /* Build configuration list for PBXNativeTarget "BLProject" */ = {
			isa = XCConfigurationList;
			buildConfigurations = (
				27EFE85A1E68303000F4B807 /* Debug */,
				27EFE85B1E68303000F4B807 /* Release */,
			);
			defaultConfigurationIsVisible = 0;
			defaultConfigurationName = Release;
		};
		27EFE85C1E68303000F4B807 /* Build configuration list for PBXNativeTarget "BLProjectTests" */ = {
			isa = XCConfigurationList;
			buildConfigurations = (
				27EFE85D1E68303000F4B807 /* Debug */,
				27EFE85E1E68303000F4B807 /* Release */,
			);
			defaultConfigurationIsVisible = 0;
			defaultConfigurationName = Release;
		};
		27EFE85F1E68303000F4B807 /* Build configuration list for PBXNativeTarget "BLProjectUITests" */ = {
			isa = XCConfigurationList;
			buildConfigurations = (
				27EFE8601E68303000F4B807 /* Debug */,
				27EFE8611E68303000F4B807 /* Release */,
			);
			defaultConfigurationIsVisible = 0;
			defaultConfigurationName = Release;
		};
/* End XCConfigurationList section */
	};
	rootObject = 27EFE8261E68303000F4B807 /* Project object */;
}
